
Microsoft Visual Studio Solution File, Format Version 12.00
# Visual Studio 15
VisualStudioVersion = 15.0.28307.136
MinimumVisualStudioVersion = 10.0.40219.1
Project("{FAE04EC0-301F-11D3-BF4B-00C04F79EFBC}") = "EltradeProtocol", "EltradeProtocol\EltradeProtocol.csproj", "{FD9F9450-8243-4076-9A9A-08A9721663D2}"
EndProject
Global
	GlobalSection(SolutionConfigurationPlatforms) = preSolution
		Debug|Any CPU = Debug|Any CPU
		Release|Any CPU = Release|Any CPU
	EndGlobalSection
	GlobalSection(ProjectConfigurationPlatforms) = postSolution
		{FD9F9450-8243-4076-9A9A-08A9721663D2}.Debug|Any CPU.ActiveCfg = Debug|Any CPU
		{FD9F9450-8243-4076-9A9A-08A9721663D2}.Debug|Any CPU.Build.0 = Debug|Any CPU
		{FD9F9450-8243-4076-9A9A-08A9721663D2}.Release|Any CPU.ActiveCfg = Release|Any CPU
		{FD9F9450-8243-4076-9A9A-08A9721663D2}.Release|Any CPU.Build.0 = Release|Any CPU
	EndGlobalSection
	GlobalSection(SolutionProperties) = preSolution
		HideSolutionNode = FALSE
	EndGlobalSection
	GlobalSection(ExtensibilityGlobals) = postSolution
		SolutionGuid = {D8AB1B84-71B6-4EF8-ABBD-ABDFF1560B68}
	EndGlobalSection
EndGlobal
